// !$*UTF8*$!
{
	archiveVersion = 1;
	classes = {
	};
	objectVersion = 48;
	objects = {

/* Begin PBXBuildFile section */
		4A6FC5DD19C0D182CE00461F /* Pods_PushMessage.framework in Frameworks */ = {isa = PBXBuildFile; fileRef = 4063CA452F21A35AC9B51A63 /* Pods_PushMessage.framework */; };
		738C58041FC14C7400B77EA6 /* MessageInformationTableViewCell.swift in Sources */ = {isa = PBXBuildFile; fileRef = 738C58031FC14C7400B77EA6 /* MessageInformationTableViewCell.swift */; };
		738C58061FC14F1A00B77EA6 /* QuestionYesNoTableViewCell.swift in Sources */ = {isa = PBXBuildFile; fileRef = 738C58051FC14F1A00B77EA6 /* QuestionYesNoTableViewCell.swift */; };
		73F9E2F61FBE632F00E1DF54 /* LoginViewController.swift in Sources */ = {isa = PBXBuildFile; fileRef = 73F9E2F51FBE632F00E1DF54 /* LoginViewController.swift */; };
		CE0165131FC2556100FF5534 /* Messages.swift in Sources */ = {isa = PBXBuildFile; fileRef = CE0165111FC2556100FF5534 /* Messages.swift */; };
		CE0165141FC2556100FF5534 /* MessageResponse.swift in Sources */ = {isa = PBXBuildFile; fileRef = CE0165121FC2556100FF5534 /* MessageResponse.swift */; };
		CE28016F1FC4A42300B96619 /* User.swift in Sources */ = {isa = PBXBuildFile; fileRef = CE28016E1FC4A42300B96619 /* User.swift */; };
		CE34D76F1FE2D62800EF898C /* EnrolledStudiesTableViewController.swift in Sources */ = {isa = PBXBuildFile; fileRef = CE34D76E1FE2D62800EF898C /* EnrolledStudiesTableViewController.swift */; };
		CE6107911FBE096B003D2AF0 /* AppDelegate.swift in Sources */ = {isa = PBXBuildFile; fileRef = CE6107901FBE096B003D2AF0 /* AppDelegate.swift */; };
		CE6107961FBE096B003D2AF0 /* Main.storyboard in Resources */ = {isa = PBXBuildFile; fileRef = CE6107941FBE096B003D2AF0 /* Main.storyboard */; };
		CE6107981FBE096B003D2AF0 /* Assets.xcassets in Resources */ = {isa = PBXBuildFile; fileRef = CE6107971FBE096B003D2AF0 /* Assets.xcassets */; };
		CE61079B1FBE096B003D2AF0 /* LaunchScreen.storyboard in Resources */ = {isa = PBXBuildFile; fileRef = CE6107991FBE096B003D2AF0 /* LaunchScreen.storyboard */; };
		CE6107A41FBE1169003D2AF0 /* ContainerViewController.swift in Sources */ = {isa = PBXBuildFile; fileRef = CE6107A31FBE1169003D2AF0 /* ContainerViewController.swift */; };
		CE6107A61FBE1181003D2AF0 /* MessagesViewController.swift in Sources */ = {isa = PBXBuildFile; fileRef = CE6107A51FBE1181003D2AF0 /* MessagesViewController.swift */; };
		CE6107A81FBE1196003D2AF0 /* DrawableViewController.swift in Sources */ = {isa = PBXBuildFile; fileRef = CE6107A71FBE1196003D2AF0 /* DrawableViewController.swift */; };
		CE6107AA1FBE1E6E003D2AF0 /* SidebarCustomTableViewCell.swift in Sources */ = {isa = PBXBuildFile; fileRef = CE6107A91FBE1E6E003D2AF0 /* SidebarCustomTableViewCell.swift */; };
		CEDE6FBC1FBE56210013117B /* ProfileViewController.swift in Sources */ = {isa = PBXBuildFile; fileRef = CEDE6FBB1FBE56210013117B /* ProfileViewController.swift */; };
/* End PBXBuildFile section */

/* Begin PBXFileReference section */
		1B67495D4907617F46FB53F7 /* Pods-PushMessage.debug.xcconfig */ = {isa = PBXFileReference; includeInIndex = 1; lastKnownFileType = text.xcconfig; name = "Pods-PushMessage.debug.xcconfig"; path = "Pods/Target Support Files/Pods-PushMessage/Pods-PushMessage.debug.xcconfig"; sourceTree = "<group>"; };
		23CEAEC11491688895C5548A /* Pods-PushMessage.release.xcconfig */ = {isa = PBXFileReference; includeInIndex = 1; lastKnownFileType = text.xcconfig; name = "Pods-PushMessage.release.xcconfig"; path = "Pods/Target Support Files/Pods-PushMessage/Pods-PushMessage.release.xcconfig"; sourceTree = "<group>"; };
		4063CA452F21A35AC9B51A63 /* Pods_PushMessage.framework */ = {isa = PBXFileReference; explicitFileType = wrapper.framework; includeInIndex = 0; path = Pods_PushMessage.framework; sourceTree = BUILT_PRODUCTS_DIR; };
		738C58031FC14C7400B77EA6 /* MessageInformationTableViewCell.swift */ = {isa = PBXFileReference; lastKnownFileType = sourcecode.swift; path = MessageInformationTableViewCell.swift; sourceTree = "<group>"; };
		738C58051FC14F1A00B77EA6 /* QuestionYesNoTableViewCell.swift */ = {isa = PBXFileReference; lastKnownFileType = sourcecode.swift; path = QuestionYesNoTableViewCell.swift; sourceTree = "<group>"; };
		73F9E2F51FBE632F00E1DF54 /* LoginViewController.swift */ = {isa = PBXFileReference; lastKnownFileType = sourcecode.swift; path = LoginViewController.swift; sourceTree = "<group>"; };
		CE0165111FC2556100FF5534 /* Messages.swift */ = {isa = PBXFileReference; lastKnownFileType = sourcecode.swift; path = Messages.swift; sourceTree = "<group>"; };
		CE0165121FC2556100FF5534 /* MessageResponse.swift */ = {isa = PBXFileReference; lastKnownFileType = sourcecode.swift; path = MessageResponse.swift; sourceTree = "<group>"; };
		CE28016E1FC4A42300B96619 /* User.swift */ = {isa = PBXFileReference; lastKnownFileType = sourcecode.swift; path = User.swift; sourceTree = "<group>"; };
		CE34D76E1FE2D62800EF898C /* EnrolledStudiesTableViewController.swift */ = {isa = PBXFileReference; lastKnownFileType = sourcecode.swift; path = EnrolledStudiesTableViewController.swift; sourceTree = "<group>"; };
		CE61078D1FBE096B003D2AF0 /* PushMessage.app */ = {isa = PBXFileReference; explicitFileType = wrapper.application; includeInIndex = 0; path = PushMessage.app; sourceTree = BUILT_PRODUCTS_DIR; };
		CE6107901FBE096B003D2AF0 /* AppDelegate.swift */ = {isa = PBXFileReference; lastKnownFileType = sourcecode.swift; path = AppDelegate.swift; sourceTree = "<group>"; };
		CE6107951FBE096B003D2AF0 /* Base */ = {isa = PBXFileReference; lastKnownFileType = file.storyboard; name = Base; path = Base.lproj/Main.storyboard; sourceTree = "<group>"; };
		CE6107971FBE096B003D2AF0 /* Assets.xcassets */ = {isa = PBXFileReference; lastKnownFileType = folder.assetcatalog; path = Assets.xcassets; sourceTree = "<group>"; };
		CE61079A1FBE096B003D2AF0 /* Base */ = {isa = PBXFileReference; lastKnownFileType = file.storyboard; name = Base; path = Base.lproj/LaunchScreen.storyboard; sourceTree = "<group>"; };
		CE61079C1FBE096B003D2AF0 /* Info.plist */ = {isa = PBXFileReference; lastKnownFileType = text.plist.xml; path = Info.plist; sourceTree = "<group>"; };
		CE6107A21FBE09B5003D2AF0 /* PushMessage.entitlements */ = {isa = PBXFileReference; lastKnownFileType = text.plist.entitlements; path = PushMessage.entitlements; sourceTree = "<group>"; };
		CE6107A31FBE1169003D2AF0 /* ContainerViewController.swift */ = {isa = PBXFileReference; lastKnownFileType = sourcecode.swift; path = ContainerViewController.swift; sourceTree = "<group>"; };
		CE6107A51FBE1181003D2AF0 /* MessagesViewController.swift */ = {isa = PBXFileReference; lastKnownFileType = sourcecode.swift; path = MessagesViewController.swift; sourceTree = "<group>"; };
		CE6107A71FBE1196003D2AF0 /* DrawableViewController.swift */ = {isa = PBXFileReference; lastKnownFileType = sourcecode.swift; path = DrawableViewController.swift; sourceTree = "<group>"; };
		CE6107A91FBE1E6E003D2AF0 /* SidebarCustomTableViewCell.swift */ = {isa = PBXFileReference; lastKnownFileType = sourcecode.swift; path = SidebarCustomTableViewCell.swift; sourceTree = "<group>"; };
		CEDE6FBB1FBE56210013117B /* ProfileViewController.swift */ = {isa = PBXFileReference; lastKnownFileType = sourcecode.swift; path = ProfileViewController.swift; sourceTree = "<group>"; };
/* End PBXFileReference section */

/* Begin PBXFrameworksBuildPhase section */
		CE61078A1FBE096B003D2AF0 /* Frameworks */ = {
			isa = PBXFrameworksBuildPhase;
			buildActionMask = 2147483647;
			files = (
				4A6FC5DD19C0D182CE00461F /* Pods_PushMessage.framework in Frameworks */,
			);
			runOnlyForDeploymentPostprocessing = 0;
		};
/* End PBXFrameworksBuildPhase section */

/* Begin PBXGroup section */
		08DB56C1F3A8693613136740 /* Frameworks */ = {
			isa = PBXGroup;
			children = (
				4063CA452F21A35AC9B51A63 /* Pods_PushMessage.framework */,
			);
			name = Frameworks;
			sourceTree = "<group>";
		};
		9E68A1737440A58948AE3A26 /* Pods */ = {
			isa = PBXGroup;
			children = (
				1B67495D4907617F46FB53F7 /* Pods-PushMessage.debug.xcconfig */,
				23CEAEC11491688895C5548A /* Pods-PushMessage.release.xcconfig */,
			);
			name = Pods;
			sourceTree = "<group>";
		};
		CE0164F61FC2326600FF5534 /* Supporting Files */ = {
			isa = PBXGroup;
			children = (
				CE6107971FBE096B003D2AF0 /* Assets.xcassets */,
				CE6107991FBE096B003D2AF0 /* LaunchScreen.storyboard */,
			);
			path = "Supporting Files";
			sourceTree = "<group>";
		};
		CE0164F71FC2329E00FF5534 /* CustomUI */ = {
			isa = PBXGroup;
			children = (
				738C58031FC14C7400B77EA6 /* MessageInformationTableViewCell.swift */,
				738C58051FC14F1A00B77EA6 /* QuestionYesNoTableViewCell.swift */,
			);
			path = CustomUI;
			sourceTree = "<group>";
		};
		CE28016B1FC4998500B96619 /* Models */ = {
			isa = PBXGroup;
			children = (
				CE0165121FC2556100FF5534 /* MessageResponse.swift */,
				CE0165111FC2556100FF5534 /* Messages.swift */,
				CE28016E1FC4A42300B96619 /* User.swift */,
			);
			path = Models;
			sourceTree = "<group>";
		};
		CE6107841FBE096B003D2AF0 = {
			isa = PBXGroup;
			children = (
				CE61078F1FBE096B003D2AF0 /* PushMessage */,
				CE61078E1FBE096B003D2AF0 /* Products */,
				9E68A1737440A58948AE3A26 /* Pods */,
				08DB56C1F3A8693613136740 /* Frameworks */,
			);
			sourceTree = "<group>";
		};
		CE61078E1FBE096B003D2AF0 /* Products */ = {
			isa = PBXGroup;
			children = (
				CE61078D1FBE096B003D2AF0 /* PushMessage.app */,
			);
			name = Products;
			sourceTree = "<group>";
		};
		CE61078F1FBE096B003D2AF0 /* PushMessage */ = {
			isa = PBXGroup;
			children = (
				CE28016B1FC4998500B96619 /* Models */,
				CE0164F71FC2329E00FF5534 /* CustomUI */,
				CE6107A21FBE09B5003D2AF0 /* PushMessage.entitlements */,
				CE6107901FBE096B003D2AF0 /* AppDelegate.swift */,
				CE6107941FBE096B003D2AF0 /* Main.storyboard */,
				CE61079C1FBE096B003D2AF0 /* Info.plist */,
				CE6107A31FBE1169003D2AF0 /* ContainerViewController.swift */,
				CE6107A51FBE1181003D2AF0 /* MessagesViewController.swift */,
				CE6107A71FBE1196003D2AF0 /* DrawableViewController.swift */,
				CE6107A91FBE1E6E003D2AF0 /* SidebarCustomTableViewCell.swift */,
				CEDE6FBB1FBE56210013117B /* ProfileViewController.swift */,
				73F9E2F51FBE632F00E1DF54 /* LoginViewController.swift */,
				CE0164F61FC2326600FF5534 /* Supporting Files */,
				CE34D76E1FE2D62800EF898C /* EnrolledStudiesTableViewController.swift */,
			);
			path = PushMessage;
			sourceTree = "<group>";
		};
/* End PBXGroup section */

/* Begin PBXNativeTarget section */
		CE61078C1FBE096B003D2AF0 /* PushMessage */ = {
			isa = PBXNativeTarget;
			buildConfigurationList = CE61079F1FBE096B003D2AF0 /* Build configuration list for PBXNativeTarget "PushMessage" */;
			buildPhases = (
				56F9E3BADDA025A704FA0300 /* [CP] Check Pods Manifest.lock */,
				CE6107891FBE096B003D2AF0 /* Sources */,
				CE61078A1FBE096B003D2AF0 /* Frameworks */,
				CE61078B1FBE096B003D2AF0 /* Resources */,
				D1A1DF34DAD4AB9D1E30A56C /* [CP] Embed Pods Frameworks */,
				D90871EB24C9EA38AF0D9F4C /* [CP] Copy Pods Resources */,
			);
			buildRules = (
			);
			dependencies = (
			);
			name = PushMessage;
			productName = PushMessage;
			productReference = CE61078D1FBE096B003D2AF0 /* PushMessage.app */;
			productType = "com.apple.product-type.application";
		};
/* End PBXNativeTarget section */

/* Begin PBXProject section */
		CE6107851FBE096B003D2AF0 /* Project object */ = {
			isa = PBXProject;
			attributes = {
				LastSwiftUpdateCheck = 0900;
				LastUpgradeCheck = 0900;
				ORGANIZATIONNAME = "Ayyanchira, Akshay Murari";
				TargetAttributes = {
					CE61078C1FBE096B003D2AF0 = {
						CreatedOnToolsVersion = 9.0;
						ProvisioningStyle = Automatic;
						SystemCapabilities = {
							com.apple.Push = {
								enabled = 1;
							};
						};
					};
				};
			};
			buildConfigurationList = CE6107881FBE096B003D2AF0 /* Build configuration list for PBXProject "PushMessage" */;
			compatibilityVersion = "Xcode 8.0";
			developmentRegion = en;
			hasScannedForEncodings = 0;
			knownRegions = (
				en,
				Base,
			);
			mainGroup = CE6107841FBE096B003D2AF0;
			productRefGroup = CE61078E1FBE096B003D2AF0 /* Products */;
			projectDirPath = "";
			projectRoot = "";
			targets = (
				CE61078C1FBE096B003D2AF0 /* PushMessage */,
			);
		};
/* End PBXProject section */

/* Begin PBXResourcesBuildPhase section */
		CE61078B1FBE096B003D2AF0 /* Resources */ = {
			isa = PBXResourcesBuildPhase;
			buildActionMask = 2147483647;
			files = (
				CE61079B1FBE096B003D2AF0 /* LaunchScreen.storyboard in Resources */,
				CE6107981FBE096B003D2AF0 /* Assets.xcassets in Resources */,
				CE6107961FBE096B003D2AF0 /* Main.storyboard in Resources */,
			);
			runOnlyForDeploymentPostprocessing = 0;
		};
/* End PBXResourcesBuildPhase section */

/* Begin PBXShellScriptBuildPhase section */
		56F9E3BADDA025A704FA0300 /* [CP] Check Pods Manifest.lock */ = {
			isa = PBXShellScriptBuildPhase;
			buildActionMask = 2147483647;
			files = (
			);
			inputPaths = (
				"${PODS_PODFILE_DIR_PATH}/Podfile.lock",
				"${PODS_ROOT}/Manifest.lock",
			);
			name = "[CP] Check Pods Manifest.lock";
			outputPaths = (
				"$(DERIVED_FILE_DIR)/Pods-PushMessage-checkManifestLockResult.txt",
			);
			runOnlyForDeploymentPostprocessing = 0;
			shellPath = /bin/sh;
			shellScript = "diff \"${PODS_PODFILE_DIR_PATH}/Podfile.lock\" \"${PODS_ROOT}/Manifest.lock\" > /dev/null\nif [ $? != 0 ] ; then\n    # print error to STDERR\n    echo \"error: The sandbox is not in sync with the Podfile.lock. Run 'pod install' or update your CocoaPods installation.\" >&2\n    exit 1\nfi\n# This output is used by Xcode 'outputs' to avoid re-running this script phase.\necho \"SUCCESS\" > \"${SCRIPT_OUTPUT_FILE_0}\"\n";
			showEnvVarsInLog = 0;
		};
		D1A1DF34DAD4AB9D1E30A56C /* [CP] Embed Pods Frameworks */ = {
			isa = PBXShellScriptBuildPhase;
			buildActionMask = 2147483647;
			files = (
			);
			inputPaths = (
				"${SRCROOT}/Pods/Target Support Files/Pods-PushMessage/Pods-PushMessage-frameworks.sh",
				"${BUILT_PRODUCTS_DIR}/Alamofire/Alamofire.framework",
				"${BUILT_PRODUCTS_DIR}/SidebarOverlay/SidebarOverlay.framework",
				"${BUILT_PRODUCTS_DIR}/TJProfileImage/TJProfileImage.framework",
			);
			name = "[CP] Embed Pods Frameworks";
			outputPaths = (
				"${TARGET_BUILD_DIR}/${FRAMEWORKS_FOLDER_PATH}/Alamofire.framework",
				"${TARGET_BUILD_DIR}/${FRAMEWORKS_FOLDER_PATH}/SidebarOverlay.framework",
				"${TARGET_BUILD_DIR}/${FRAMEWORKS_FOLDER_PATH}/TJProfileImage.framework",
			);
			runOnlyForDeploymentPostprocessing = 0;
			shellPath = /bin/sh;
			shellScript = "\"${SRCROOT}/Pods/Target Support Files/Pods-PushMessage/Pods-PushMessage-frameworks.sh\"\n";
			showEnvVarsInLog = 0;
		};
		D90871EB24C9EA38AF0D9F4C /* [CP] Copy Pods Resources */ = {
			isa = PBXShellScriptBuildPhase;
			buildActionMask = 2147483647;
			files = (
			);
			inputPaths = (
			);
			name = "[CP] Copy Pods Resources";
			outputPaths = (
			);
			runOnlyForDeploymentPostprocessing = 0;
			shellPath = /bin/sh;
			shellScript = "\"${SRCROOT}/Pods/Target Support Files/Pods-PushMessage/Pods-PushMessage-resources.sh\"\n";
			showEnvVarsInLog = 0;
		};
/* End PBXShellScriptBuildPhase section */

/* Begin PBXSourcesBuildPhase section */
		CE6107891FBE096B003D2AF0 /* Sources */ = {
			isa = PBXSourcesBuildPhase;
			buildActionMask = 2147483647;
			files = (
				73F9E2F61FBE632F00E1DF54 /* LoginViewController.swift in Sources */,
				CEDE6FBC1FBE56210013117B /* ProfileViewController.swift in Sources */,
				CE6107AA1FBE1E6E003D2AF0 /* SidebarCustomTableViewCell.swift in Sources */,
				CE6107A81FBE1196003D2AF0 /* DrawableViewController.swift in Sources */,
				CE0165141FC2556100FF5534 /* MessageResponse.swift in Sources */,
				CE6107A61FBE1181003D2AF0 /* MessagesViewController.swift in Sources */,
				738C58061FC14F1A00B77EA6 /* QuestionYesNoTableViewCell.swift in Sources */,
				CE6107A41FBE1169003D2AF0 /* ContainerViewController.swift in Sources */,
				CE28016F1FC4A42300B96619 /* User.swift in Sources */,
				CE0165131FC2556100FF5534 /* Messages.swift in Sources */,
				CE34D76F1FE2D62800EF898C /* EnrolledStudiesTableViewController.swift in Sources */,
				738C58041FC14C7400B77EA6 /* MessageInformationTableViewCell.swift in Sources */,
				CE6107911FBE096B003D2AF0 /* AppDelegate.swift in Sources */,
			);
			runOnlyForDeploymentPostprocessing = 0;
		};
/* End PBXSourcesBuildPhase section */

/* Begin PBXVariantGroup section */
		CE6107941FBE096B003D2AF0 /* Main.storyboard */ = {
			isa = PBXVariantGroup;
			children = (
				CE6107951FBE096B003D2AF0 /* Base */,
			);
			name = Main.storyboard;
			sourceTree = "<group>";
		};
		CE6107991FBE096B003D2AF0 /* LaunchScreen.storyboard */ = {
			isa = PBXVariantGroup;
			children = (
				CE61079A1FBE096B003D2AF0 /* Base */,
			);
			name = LaunchScreen.storyboard;
			sourceTree = "<group>";
		};
/* End PBXVariantGroup section */

/* Begin XCBuildConfiguration section */
		CE61079D1FBE096B003D2AF0 /* Debug */ = {
			isa = XCBuildConfiguration;
			buildSettings = {
				ALWAYS_SEARCH_USER_PATHS = NO;
				CLANG_ANALYZER_NONNULL = YES;
				CLANG_ANALYZER_NUMBER_OBJECT_CONVERSION = YES_AGGRESSIVE;
				CLANG_CXX_LANGUAGE_STANDARD = "gnu++14";
				CLANG_CXX_LIBRARY = "libc++";
				CLANG_ENABLE_MODULES = YES;
				CLANG_ENABLE_OBJC_ARC = YES;
				CLANG_WARN_BLOCK_CAPTURE_AUTORELEASING = YES;
				CLANG_WARN_BOOL_CONVERSION = YES;
				CLANG_WARN_COMMA = YES;
				CLANG_WARN_CONSTANT_CONVERSION = YES;
				CLANG_WARN_DIRECT_OBJC_ISA_USAGE = YES_ERROR;
				CLANG_WARN_DOCUMENTATION_COMMENTS = YES;
				CLANG_WARN_EMPTY_BODY = YES;
				CLANG_WARN_ENUM_CONVERSION = YES;
				CLANG_WARN_INFINITE_RECURSION = YES;
				CLANG_WARN_INT_CONVERSION = YES;
				CLANG_WARN_NON_LITERAL_NULL_CONVERSION = YES;
				CLANG_WARN_OBJC_LITERAL_CONVERSION = YES;
				CLANG_WARN_OBJC_ROOT_CLASS = YES_ERROR;
				CLANG_WARN_RANGE_LOOP_ANALYSIS = YES;
				CLANG_WARN_STRICT_PROTOTYPES = YES;
				CLANG_WARN_SUSPICIOUS_MOVE = YES;
				CLANG_WARN_UNGUARDED_AVAILABILITY = YES_AGGRESSIVE;
				CLANG_WARN_UNREACHABLE_CODE = YES;
				CLANG_WARN__DUPLICATE_METHOD_MATCH = YES;
				CODE_SIGN_IDENTITY = "iPhone Developer";
				COPY_PHASE_STRIP = NO;
				DEBUG_INFORMATION_FORMAT = dwarf;
				ENABLE_STRICT_OBJC_MSGSEND = YES;
				ENABLE_TESTABILITY = YES;
				GCC_C_LANGUAGE_STANDARD = gnu11;
				GCC_DYNAMIC_NO_PIC = NO;
				GCC_NO_COMMON_BLOCKS = YES;
				GCC_OPTIMIZATION_LEVEL = 0;
				GCC_PREPROCESSOR_DEFINITIONS = (
					"DEBUG=1",
					"$(inherited)",
				);
				GCC_WARN_64_TO_32_BIT_CONVERSION = YES;
				GCC_WARN_ABOUT_RETURN_TYPE = YES_ERROR;
				GCC_WARN_UNDECLARED_SELECTOR = YES;
				GCC_WARN_UNINITIALIZED_AUTOS = YES_AGGRESSIVE;
				GCC_WARN_UNUSED_FUNCTION = YES;
				GCC_WARN_UNUSED_VARIABLE = YES;
				IPHONEOS_DEPLOYMENT_TARGET = 11.0;
				MTL_ENABLE_DEBUG_INFO = YES;
				ONLY_ACTIVE_ARCH = YES;
				SDKROOT = iphoneos;
				SWIFT_ACTIVE_COMPILATION_CONDITIONS = DEBUG;
				SWIFT_OPTIMIZATION_LEVEL = "-Onone";
			};
			name = Debug;
		};
		CE61079E1FBE096B003D2AF0 /* Release */ = {
			isa = XCBuildConfiguration;
			buildSettings = {
				ALWAYS_SEARCH_USER_PATHS = NO;
				CLANG_ANALYZER_NONNULL = YES;
				CLANG_ANALYZER_NUMBER_OBJECT_CONVERSION = YES_AGGRESSIVE;
				CLANG_CXX_LANGUAGE_STANDARD = "gnu++14";
				CLANG_CXX_LIBRARY = "libc++";
				CLANG_ENABLE_MODULES = YES;
				CLANG_ENABLE_OBJC_ARC = YES;
				CLANG_WARN_BLOCK_CAPTURE_AUTORELEASING = YES;
				CLANG_WARN_BOOL_CONVERSION = YES;
				CLANG_WARN_COMMA = YES;
				CLANG_WARN_CONSTANT_CONVERSION = YES;
				CLANG_WARN_DIRECT_OBJC_ISA_USAGE = YES_ERROR;
				CLANG_WARN_DOCUMENTATION_COMMENTS = YES;
				CLANG_WARN_EMPTY_BODY = YES;
				CLANG_WARN_ENUM_CONVERSION = YES;
				CLANG_WARN_INFINITE_RECURSION = YES;
				CLANG_WARN_INT_CONVERSION = YES;
				CLANG_WARN_NON_LITERAL_NULL_CONVERSION = YES;
				CLANG_WARN_OBJC_LITERAL_CONVERSION = YES;
				CLANG_WARN_OBJC_ROOT_CLASS = YES_ERROR;
				CLANG_WARN_RANGE_LOOP_ANALYSIS = YES;
				CLANG_WARN_STRICT_PROTOTYPES = YES;
				CLANG_WARN_SUSPICIOUS_MOVE = YES;
				CLANG_WARN_UNGUARDED_AVAILABILITY = YES_AGGRESSIVE;
				CLANG_WARN_UNREACHABLE_CODE = YES;
				CLANG_WARN__DUPLICATE_METHOD_MATCH = YES;
				CODE_SIGN_IDENTITY = "iPhone Developer";
				COPY_PHASE_STRIP = NO;
				DEBUG_INFORMATION_FORMAT = "dwarf-with-dsym";
				ENABLE_NS_ASSERTIONS = NO;
				ENABLE_STRICT_OBJC_MSGSEND = YES;
				GCC_C_LANGUAGE_STANDARD = gnu11;
				GCC_NO_COMMON_BLOCKS = YES;
				GCC_WARN_64_TO_32_BIT_CONVERSION = YES;
				GCC_WARN_ABOUT_RETURN_TYPE = YES_ERROR;
				GCC_WARN_UNDECLARED_SELECTOR = YES;
				GCC_WARN_UNINITIALIZED_AUTOS = YES_AGGRESSIVE;
				GCC_WARN_UNUSED_FUNCTION = YES;
				GCC_WARN_UNUSED_VARIABLE = YES;
				IPHONEOS_DEPLOYMENT_TARGET = 11.0;
				MTL_ENABLE_DEBUG_INFO = NO;
				SDKROOT = iphoneos;
				SWIFT_OPTIMIZATION_LEVEL = "-Owholemodule";
				VALIDATE_PRODUCT = YES;
			};
			name = Release;
		};
		CE6107A01FBE096B003D2AF0 /* Debug */ = {
			isa = XCBuildConfiguration;
			baseConfigurationReference = 1B67495D4907617F46FB53F7 /* Pods-PushMessage.debug.xcconfig */;
			buildSettings = {
				ASSETCATALOG_COMPILER_APPICON_NAME = AppIcon;
				CODE_SIGN_ENTITLEMENTS = PushMessage/PushMessage.entitlements;
				CODE_SIGN_STYLE = Automatic;
				DEVELOPMENT_TEAM = WN3YQ2PUY2;
				INFOPLIST_FILE = PushMessage/Info.plist;
				IPHONEOS_DEPLOYMENT_TARGET = 10.3;
				LD_RUNPATH_SEARCH_PATHS = "$(inherited) @executable_path/Frameworks";
				PRODUCT_BUNDLE_IDENTIFIER = "edu.uncc.HealthApp-G2";
				PRODUCT_NAME = "$(TARGET_NAME)";
				SWIFT_VERSION = 4.0;
				TARGETED_DEVICE_FAMILY = "1,2";
			};
			name = Debug;
		};
		CE6107A11FBE096B003D2AF0 /* Release */ = {
			isa = XCBuildConfiguration;
			baseConfigurationReference = 23CEAEC11491688895C5548A /* Pods-PushMessage.release.xcconfig */;
			buildSettings = {
				ASSETCATALOG_COMPILER_APPICON_NAME = AppIcon;
				CODE_SIGN_ENTITLEMENTS = PushMessage/PushMessage.entitlements;
				CODE_SIGN_STYLE = Automatic;
				DEVELOPMENT_TEAM = WN3YQ2PUY2;
				INFOPLIST_FILE = PushMessage/Info.plist;
				IPHONEOS_DEPLOYMENT_TARGET = 10.3;
				LD_RUNPATH_SEARCH_PATHS = "$(inherited) @executable_path/Frameworks";
				PRODUCT_BUNDLE_IDENTIFIER = "edu.uncc.HealthApp-G2";
				PRODUCT_NAME = "$(TARGET_NAME)";
				SWIFT_VERSION = 4.0;
				TARGETED_DEVICE_FAMILY = "1,2";
			};
			name = Release;
		};
/* End XCBuildConfiguration section */

/* Begin XCConfigurationList section */
		CE6107881FBE096B003D2AF0 /* Build configuration list for PBXProject "PushMessage" */ = {
			isa = XCConfigurationList;
			buildConfigurations = (
				CE61079D1FBE096B003D2AF0 /* Debug */,
				CE61079E1FBE096B003D2AF0 /* Release */,
			);
			defaultConfigurationIsVisible = 0;
			defaultConfigurationName = Release;
		};
		CE61079F1FBE096B003D2AF0 /* Build configuration list for PBXNativeTarget "PushMessage" */ = {
			isa = XCConfigurationList;
			buildConfigurations = (
				CE6107A01FBE096B003D2AF0 /* Debug */,
				CE6107A11FBE096B003D2AF0 /* Release */,
			);
			defaultConfigurationIsVisible = 0;
			defaultConfigurationName = Release;
		};
/* End XCConfigurationList section */
	};
	rootObject = CE6107851FBE096B003D2AF0 /* Project object */;
}
